
Microsoft Visual Studio Solution File, Format Version 12.00
Project("{FAE04EC0-301F-11D3-BF4B-00C04F79EFBC}") = "IoC.Core", "IoC.Core\IoC.Core.csproj", "{019A5358-36D6-480B-A920-88AAA3890066}"
EndProject
Project("{FAE04EC0-301F-11D3-BF4B-00C04F79EFBC}") = "IoC.Benchmarks", "IoC.Benchmarks\IoC.Benchmarks.csproj", "{0E34D4D5-C48C-4621-A338-CCD51933D9E4}"
EndProject
Global
	GlobalSection(SolutionConfigurationPlatforms) = preSolution
		Debug|Any CPU = Debug|Any CPU
		Release|Any CPU = Release|Any CPU
	EndGlobalSection
	GlobalSection(ProjectConfigurationPlatforms) = postSolution
		{019A5358-36D6-480B-A920-88AAA3890066}.Debug|Any CPU.ActiveCfg = Debug|Any CPU
		{019A5358-36D6-480B-A920-88AAA3890066}.Debug|Any CPU.Build.0 = Debug|Any CPU
		{019A5358-36D6-480B-A920-88AAA3890066}.Release|Any CPU.ActiveCfg = Release|Any CPU
		{019A5358-36D6-480B-A920-88AAA3890066}.Release|Any CPU.Build.0 = Release|Any CPU
		{0E34D4D5-C48C-4621-A338-CCD51933D9E4}.Debug|Any CPU.ActiveCfg = Debug|Any CPU
		{0E34D4D5-C48C-4621-A338-CCD51933D9E4}.Debug|Any CPU.Build.0 = Debug|Any CPU
		{0E34D4D5-C48C-4621-A338-CCD51933D9E4}.Release|Any CPU.ActiveCfg = Release|Any CPU
		{0E34D4D5-C48C-4621-A338-CCD51933D9E4}.Release|Any CPU.Build.0 = Release|Any CPU
	EndGlobalSection
EndGlobal
